
Microsoft Visual Studio Solution File, Format Version 12.00
# Visual Studio 15
VisualStudioVersion = 15.0.27004.2009
MinimumVisualStudioVersion = 10.0.40219.1
Project("{FAE04EC0-301F-11D3-BF4B-00C04F79EFBC}") = "Port Scanner Public", "Port Scanner Public\Port Scanner Public.csproj", "{E509C58F-AAC1-404D-AFD3-1DD9165A4F25}"
EndProject
Global
	GlobalSection(SolutionConfigurationPlatforms) = preSolution
		Debug|Any CPU = Debug|Any CPU
		Release|Any CPU = Release|Any CPU
	EndGlobalSection
	GlobalSection(ProjectConfigurationPlatforms) = postSolution
		{E509C58F-AAC1-404D-AFD3-1DD9165A4F25}.Debug|Any CPU.ActiveCfg = Debug|Any CPU
		{E509C58F-AAC1-404D-AFD3-1DD9165A4F25}.Debug|Any CPU.Build.0 = Debug|Any CPU
		{E509C58F-AAC1-404D-AFD3-1DD9165A4F25}.Release|Any CPU.ActiveCfg = Release|Any CPU
		{E509C58F-AAC1-404D-AFD3-1DD9165A4F25}.Release|Any CPU.Build.0 = Release|Any CPU
	EndGlobalSection
	GlobalSection(SolutionProperties) = preSolution
		HideSolutionNode = FALSE
	EndGlobalSection
	GlobalSection(ExtensibilityGlobals) = postSolution
		SolutionGuid = {EB14C33B-82B1-4A22-A141-487FC69265E1}
	EndGlobalSection
EndGlobal
